
Microsoft Visual Studio Solution File, Format Version 12.00
# Visual Studio 15
VisualStudioVersion = 15.0.28307.271
MinimumVisualStudioVersion = 10.0.40219.1
Project("{FAE04EC0-301F-11D3-BF4B-00C04F79EFBC}") = "RealDigitalAssessment", "RealDigitalAssessment\RealDigitalAssessment.csproj", "{2BE4ECAE-C722-4EB4-809B-B7823396BA64}"
EndProject
Global
	GlobalSection(SolutionConfigurationPlatforms) = preSolution
		Debug|Any CPU = Debug|Any CPU
		Release|Any CPU = Release|Any CPU
	EndGlobalSection
	GlobalSection(ProjectConfigurationPlatforms) = postSolution
		{2BE4ECAE-C722-4EB4-809B-B7823396BA64}.Debug|Any CPU.ActiveCfg = Debug|Any CPU
		{2BE4ECAE-C722-4EB4-809B-B7823396BA64}.Debug|Any CPU.Build.0 = Debug|Any CPU
		{2BE4ECAE-C722-4EB4-809B-B7823396BA64}.Release|Any CPU.ActiveCfg = Release|Any CPU
		{2BE4ECAE-C722-4EB4-809B-B7823396BA64}.Release|Any CPU.Build.0 = Release|Any CPU
	EndGlobalSection
	GlobalSection(SolutionProperties) = preSolution
		HideSolutionNode = FALSE
	EndGlobalSection
	GlobalSection(ExtensibilityGlobals) = postSolution
		SolutionGuid = {11112BC7-9B1E-4448-A08E-65978DD6FE50}
	EndGlobalSection
EndGlobal
